
Microsoft Visual Studio Solution File, Format Version 12.00
# Visual Studio Version 16
VisualStudioVersion = 16.0.30804.86
MinimumVisualStudioVersion = 10.0.40219.1
Project("{9A19103F-16F7-4668-BE54-9A1E7A4F7556}") = "Storage.Lib", "Storage\Storage.Lib.csproj", "{5BC60151-09B5-42EB-9607-61AD68C45179}"
EndProject
Project("{FAE04EC0-301F-11D3-BF4B-00C04F79EFBC}") = "Storage.Tests", "Storage.Tests\Storage.Tests.csproj", "{1626C162-CF46-46B8-A0CD-0339C9896B47}"
EndProject
Global
	GlobalSection(SolutionConfigurationPlatforms) = preSolution
		Debug|Any CPU = Debug|Any CPU
		Release|Any CPU = Release|Any CPU
	EndGlobalSection
	GlobalSection(ProjectConfigurationPlatforms) = postSolution
		{5BC60151-09B5-42EB-9607-61AD68C45179}.Debug|Any CPU.ActiveCfg = Debug|Any CPU
		{5BC60151-09B5-42EB-9607-61AD68C45179}.Debug|Any CPU.Build.0 = Debug|Any CPU
		{5BC60151-09B5-42EB-9607-61AD68C45179}.Release|Any CPU.ActiveCfg = Release|Any CPU
		{5BC60151-09B5-42EB-9607-61AD68C45179}.Release|Any CPU.Build.0 = Release|Any CPU
		{1626C162-CF46-46B8-A0CD-0339C9896B47}.Debug|Any CPU.ActiveCfg = Debug|Any CPU
		{1626C162-CF46-46B8-A0CD-0339C9896B47}.Debug|Any CPU.Build.0 = Debug|Any CPU
		{1626C162-CF46-46B8-A0CD-0339C9896B47}.Release|Any CPU.ActiveCfg = Release|Any CPU
		{1626C162-CF46-46B8-A0CD-0339C9896B47}.Release|Any CPU.Build.0 = Release|Any CPU
	EndGlobalSection
	GlobalSection(SolutionProperties) = preSolution
		HideSolutionNode = FALSE
	EndGlobalSection
	GlobalSection(ExtensibilityGlobals) = postSolution
		SolutionGuid = {4D66AE2E-FD10-4F8C-8CB4-B74F1505E2E2}
	EndGlobalSection
EndGlobal
